
Microsoft Visual Studio Solution File, Format Version 12.00
# Visual Studio Version 17
VisualStudioVersion = 17.11.35312.102
MinimumVisualStudioVersion = 10.0.40219.1
Project("{FAE04EC0-301F-11D3-BF4B-00C04F79EFBC}") = "PipoBerberDesktop", "PipoBerberDesktop\PipoBerberDesktop.csproj", "{A2EC4F48-AA8B-4146-94C6-5D5CD8902E66}"
EndProject
Global
	GlobalSection(SolutionConfigurationPlatforms) = preSolution
		Debug|Any CPU = Debug|Any CPU
		Release|Any CPU = Release|Any CPU
	EndGlobalSection
	GlobalSection(ProjectConfigurationPlatforms) = postSolution
		{A2EC4F48-AA8B-4146-94C6-5D5CD8902E66}.Debug|Any CPU.ActiveCfg = Debug|Any CPU
		{A2EC4F48-AA8B-4146-94C6-5D5CD8902E66}.Debug|Any CPU.Build.0 = Debug|Any CPU
		{A2EC4F48-AA8B-4146-94C6-5D5CD8902E66}.Release|Any CPU.ActiveCfg = Release|Any CPU
		{A2EC4F48-AA8B-4146-94C6-5D5CD8902E66}.Release|Any CPU.Build.0 = Release|Any CPU
	EndGlobalSection
	GlobalSection(SolutionProperties) = preSolution
		HideSolutionNode = FALSE
	EndGlobalSection
	GlobalSection(ExtensibilityGlobals) = postSolution
		SolutionGuid = {A69E89C3-81ED-4674-B5C9-91ABF331F2E6}
	EndGlobalSection
EndGlobal
